// !$*UTF8*$!
{
	archiveVersion = 1;
	classes = {
	};
	objectVersion = 77;
	objects = {

/* Begin PBXBuildFile section */
		06E4F7B33C77762A5E2CB616 /* TBReceiverDiscovery.swift in Sources */ = {isa = PBXBuildFile; fileRef = 06BABA1447D1E8DD50A6C2F0 /* TBReceiverDiscovery.swift */; };
		0D17E4E85D8E9CDAB8707EB6 /* audio-relay.json in Resources */ = {isa = PBXBuildFile; fileRef = A3964153C9F34085F90C2C26 /* audio-relay.json */; };
		0E118FC7EFBBF44A70799B03 /* TBInjectedClickStateTrackerTests.swift in Sources */ = {isa = PBXBuildFile; fileRef = EF17070AC1C6F9E9F3B4DFDF /* TBInjectedClickStateTrackerTests.swift */; };
		15D142162EDD10261447EC43 /* TBInputBindingTests.swift in Sources */ = {isa = PBXBuildFile; fileRef = 37515A84B71F4B19C8EB65B4 /* TBInputBindingTests.swift */; };
		1A7C3D2E4F5061728394A5B6 /* TBDPCMAsyncEncode.swift in Sources */ = {isa = PBXBuildFile; fileRef = 2B8D4E3F5061728394A5B6C7 /* TBDPCMAsyncEncode.swift */; };
		198725EB3B2C7662DBB0B8D0 /* Assets.xcassets in Resources */ = {isa = PBXBuildFile; fileRef = 1819A55F8D993D9347F0E407 /* Assets.xcassets */; };
		233BAEE5ABED3F316F9D3D12 /* input-dockstation.json in Resources */ = {isa = PBXBuildFile; fileRef = A51B69D318A85FF3061D6ED4 /* input-dockstation.json */; };
		2819CE06D15CA7EDD1069062 /* TBConfigurationDiagnostics.swift in Sources */ = {isa = PBXBuildFile; fileRef = A3F0782C970AA23871AE73A6 /* TBConfigurationDiagnostics.swift */; };
		2C4E1C76CA81F640C700F6BF /* TBMonitorProtocolTests.swift in Sources */ = {isa = PBXBuildFile; fileRef = C9583EB47BCD79FA719EEA77 /* TBMonitorProtocolTests.swift */; };
		337BD561622AA19F43D3B95B /* ReceiverBackedVirtualDisplaySession.swift in Sources */ = {isa = PBXBuildFile; fileRef = C242540F9DE94E1364F106F4 /* ReceiverBackedVirtualDisplaySession.swift */; };
		4290B6572B8CA96E01C56425 /* TBDisplaySenderBuildInfo.swift in Sources */ = {isa = PBXBuildFile; fileRef = CEB4DF6C72B5C50C29AE6E45 /* TBDisplaySenderBuildInfo.swift */; };
		3C9E5F4061728394A5B6C7D8 /* tb_dpcm.c in Sources */ = {isa = PBXBuildFile; fileRef = 4DAF6051728394A5B6C7D8E9 /* tb_dpcm.c */; };
		4A8719A8C13A6560F4F0EB0D /* TBSenderAutomationParsingTests.swift in Sources */ = {isa = PBXBuildFile; fileRef = ED08E3D2FCC8194F8B8185C9 /* TBSenderAutomationParsingTests.swift */; };
		4B770D1232C53EF66F011F7F /* TBAddonManifest.swift in Sources */ = {isa = PBXBuildFile; fileRef = 59E4D00FB492A41B5218CD52 /* TBAddonManifest.swift */; };
		4C59B780CEA3CC5F563BC86F /* TBInjectedClickStateTracker.swift in Sources */ = {isa = PBXBuildFile; fileRef = 4134F78ABD695DF9DB5D485B /* TBInjectedClickStateTracker.swift */; };
		5109DFCF1BFD76222E7B4BDD /* TBDisplayProfileTests.swift in Sources */ = {isa = PBXBuildFile; fileRef = D419C88EEEA66EE0829BA975 /* TBDisplayProfileTests.swift */; };
		55163F49604063EA7E86D079 /* TBConnectionDiagnostics.swift in Sources */ = {isa = PBXBuildFile; fileRef = FD6EB41D253E67E350F5E25D /* TBConnectionDiagnostics.swift */; };
		58980FE95A48D8F8EDB42055 /* TBVirtualDisplayModeMemory.swift in Sources */ = {isa = PBXBuildFile; fileRef = 6630386DB9C3D210849E6211 /* TBVirtualDisplayModeMemory.swift */; };
		5A8811B2F7DB1830CBA7B538 /* TBInputBinding.swift in Sources */ = {isa = PBXBuildFile; fileRef = 4A72C42968FA2A6B2A0515B9 /* TBInputBinding.swift */; };
		5C0CB53005B6D67362F14719 /* TBDisplaySenderContentView.swift in Sources */ = {isa = PBXBuildFile; fileRef = 186812C77BFF98DBE0118100 /* TBDisplaySenderContentView.swift */; };
		69C27FB23C2EF4078DD3D2F5 /* TBReceiverDiscoveryModelTests.swift in Sources */ = {isa = PBXBuildFile; fileRef = 17D2B1A011B9446090DA60A7 /* TBReceiverDiscoveryModelTests.swift */; };
		6A54029FE56DEECA996A07B4 /* TBDisplaySenderService.swift in Sources */ = {isa = PBXBuildFile; fileRef = 0B483A658326FE85720BCBE2 /* TBDisplaySenderService.swift */; };
		6DB5F29F60382A0CA97568F3 /* TBMenuMetrics.swift in Sources */ = {isa = PBXBuildFile; fileRef = F08C140ECFEDAE11AD68D12B /* TBMenuMetrics.swift */; };
		7528751850893B52660870E4 /* TBConfigurationDiagnosticsTests.swift in Sources */ = {isa = PBXBuildFile; fileRef = A7086193EE5710E2C37F86F1 /* TBConfigurationDiagnosticsTests.swift */; };
		6EB071628394A5B6C7D8E9FA /* tb_dpcm_gpu.m in Sources */ = {isa = PBXBuildFile; fileRef = 7FC1827394A5B6C7D8E9FA0B /* tb_dpcm_gpu.m */; };
		762884127C8093D3E9797790 /* TBMenuToggleRowView.swift in Sources */ = {isa = PBXBuildFile; fileRef = 040912357013932AE29CFD6A /* TBMenuToggleRowView.swift */; };
		7F103818097EEBD191C5ADBF /* TBConnectionDiagnosticsTests.swift in Sources */ = {isa = PBXBuildFile; fileRef = 405452C4DA622D0B8887623E /* TBConnectionDiagnosticsTests.swift */; };
		7F1AE9053DA59169FB761FAA /* de.json in Resources */ = {isa = PBXBuildFile; fileRef = C3658E86F5BE2168F4591491 /* de.json */; };
		7FB34AA1E75B01E7D1EC3E21 /* it.json in Resources */ = {isa = PBXBuildFile; fileRef = 036E14097FA59989FFC456FD /* it.json */; };
		8A729C68ECAC4642FA20A284 /* TBLocalizationStore.swift in Sources */ = {isa = PBXBuildFile; fileRef = 4C932E960346E674A0659624 /* TBLocalizationStore.swift */; };
		8D544352D7E2E226D551E46E /* TBInputBindingsView.swift in Sources */ = {isa = PBXBuildFile; fileRef = 20FE01BF2EA2F329442890AD /* TBInputBindingsView.swift */; };
		8D9D2A40A1CD90BD4D4DFC2C /* TBDisplaySenderAutomation.swift in Sources */ = {isa = PBXBuildFile; fileRef = 9CEA5EB707F01E1708DA9170 /* TBDisplaySenderAutomation.swift */; };
		96DDF119DE60DFBA437D32D2 /* en.json in Resources */ = {isa = PBXBuildFile; fileRef = D386D0FCD0F93494220CC3DC /* en.json */; };
		9B07E096AE81E351B6D1E17C /* fr.json in Resources */ = {isa = PBXBuildFile; fileRef = 73EDC0FF3A4EA4DC1ED63528 /* fr.json */; };
		A3FD74604472363535D63273 /* TBDisplaySenderSettingsView.swift in Sources */ = {isa = PBXBuildFile; fileRef = B95D015FB8DF172C7418CB5D /* TBDisplaySenderSettingsView.swift */; };
		B9FA5989F04108E9FBFA8D3B /* TBDisplaySenderApp.swift in Sources */ = {isa = PBXBuildFile; fileRef = CD235429FA67D231F565C93E /* TBDisplaySenderApp.swift */; };
		BB4D986A5A0F32BC1480BD4D /* TBDisplaySenderSurfaceViews.swift in Sources */ = {isa = PBXBuildFile; fileRef = DD33D06A2FA6BA7E075A9E46 /* TBDisplaySenderSurfaceViews.swift */; };
		BBFD76A352FEDC54029B2158 /* TBDisplaySenderLocalization.swift in Sources */ = {isa = PBXBuildFile; fileRef = 9D063CAADA68CC48C54157FB /* TBDisplaySenderLocalization.swift */; };
		BF146F68BB365CFE5AA9A1BD /* check_localizations.sh in Resources */ = {isa = PBXBuildFile; fileRef = 10E53D6EF9DCC519EEBFA5A2 /* check_localizations.sh */; };
		C1A77120267A12D9E355DCEA /* network-link.json in Resources */ = {isa = PBXBuildFile; fileRef = 6579B499CBC11196966318EA /* network-link.json */; };
		C2CCAB017BC3CAB1DCFA5CCC /* TBMonitorProtocol.swift in Sources */ = {isa = PBXBuildFile; fileRef = DA01317B43B46B1B323A7008 /* TBMonitorProtocol.swift */; };
		CBA7C2F0FA57CC475E2307AF /* TBInputRelayController.swift in Sources */ = {isa = PBXBuildFile; fileRef = 7E3DC447E3E8E522565E725B /* TBInputRelayController.swift */; };
		D5E6B5B7B49E740C92010C6F /* TBInputDebugLog.swift in Sources */ = {isa = PBXBuildFile; fileRef = 80543A7A5A3B583C1543ABC7 /* TBInputDebugLog.swift */; };
		D81394631056BA19B9032116 /* TBDisplayProfile.swift in Sources */ = {isa = PBXBuildFile; fileRef = 4E4C95A1820A99E5DAED17DE /* TBDisplayProfile.swift */; };
		E4967472D5CB13242FE2F288 /* TBDisplaySenderAboutView.swift in Sources */ = {isa = PBXBuildFile; fileRef = 374B5A5AA247C6922BD9AF72 /* TBDisplaySenderAboutView.swift */; };
		E6A3663426721C75734F5BC5 /* zh.json in Resources */ = {isa = PBXBuildFile; fileRef = C9AA5BB4EE39D2C6FB37B90F /* zh.json */; };
		E81B28F81AE82FF904E0871F /* TBAddonStore.swift in Sources */ = {isa = PBXBuildFile; fileRef = 06D011FF8AF7BB6D26EDC25B /* TBAddonStore.swift */; };
		E9F7A263085592067562F768 /* TBDisplaySenderStatusItemController.swift in Sources */ = {isa = PBXBuildFile; fileRef = 6AC1AF99431D4889F947CE1B /* TBDisplaySenderStatusItemController.swift */; };
		F2274C924BAC479635B44A47 /* TBDisplaySenderManager.swift in Sources */ = {isa = PBXBuildFile; fileRef = 4644CFB05098C895378B648A /* TBDisplaySenderManager.swift */; };
/* End PBXBuildFile section */

/* Begin PBXContainerItemProxy section */
		F78BF9D660B681542156B1E4 /* PBXContainerItemProxy */ = {
			isa = PBXContainerItemProxy;
			containerPortal = 378AC1A4A812118F1A10D05E /* Project object */;
			proxyType = 1;
			remoteGlobalIDString = F472012D8B21AAC5A144C3A6;
			remoteInfo = TBDisplaySender;
		};
/* End PBXContainerItemProxy section */

/* Begin PBXFileReference section */
		036E14097FA59989FFC456FD /* it.json */ = {isa = PBXFileReference; lastKnownFileType = text.json; path = it.json; sourceTree = "<group>"; };
		040912357013932AE29CFD6A /* TBMenuToggleRowView.swift */ = {isa = PBXFileReference; lastKnownFileType = sourcecode.swift; path = TBMenuToggleRowView.swift; sourceTree = "<group>"; };
		06BABA1447D1E8DD50A6C2F0 /* TBReceiverDiscovery.swift */ = {isa = PBXFileReference; lastKnownFileType = sourcecode.swift; path = TBReceiverDiscovery.swift; sourceTree = "<group>"; };
		06D011FF8AF7BB6D26EDC25B /* TBAddonStore.swift */ = {isa = PBXFileReference; lastKnownFileType = sourcecode.swift; path = TBAddonStore.swift; sourceTree = "<group>"; };
		0B483A658326FE85720BCBE2 /* TBDisplaySenderService.swift */ = {isa = PBXFileReference; lastKnownFileType = sourcecode.swift; path = TBDisplaySenderService.swift; sourceTree = "<group>"; };
		10E53D6EF9DCC519EEBFA5A2 /* check_localizations.sh */ = {isa = PBXFileReference; lastKnownFileType = text.script.sh; path = check_localizations.sh; sourceTree = "<group>"; };
		17D2B1A011B9446090DA60A7 /* TBReceiverDiscoveryModelTests.swift */ = {isa = PBXFileReference; lastKnownFileType = sourcecode.swift; path = TBReceiverDiscoveryModelTests.swift; sourceTree = "<group>"; };
		17FD38CAA4E2CF350CC210D2 /* TBDisplaySender.app */ = {isa = PBXFileReference; explicitFileType = wrapper.application; includeInIndex = 0; path = TBDisplaySender.app; sourceTree = BUILT_PRODUCTS_DIR; };
		1819A55F8D993D9347F0E407 /* Assets.xcassets */ = {isa = PBXFileReference; lastKnownFileType = folder.assetcatalog; path = Assets.xcassets; sourceTree = "<group>"; };
		186812C77BFF98DBE0118100 /* TBDisplaySenderContentView.swift */ = {isa = PBXFileReference; lastKnownFileType = sourcecode.swift; path = TBDisplaySenderContentView.swift; sourceTree = "<group>"; };
		20FE01BF2EA2F329442890AD /* TBInputBindingsView.swift */ = {isa = PBXFileReference; lastKnownFileType = sourcecode.swift; path = TBInputBindingsView.swift; sourceTree = "<group>"; };
		2B8D4E3F5061728394A5B6C7 /* TBDPCMAsyncEncode.swift */ = {isa = PBXFileReference; lastKnownFileType = sourcecode.swift; path = TBDPCMAsyncEncode.swift; sourceTree = "<group>"; };
		374B5A5AA247C6922BD9AF72 /* TBDisplaySenderAboutView.swift */ = {isa = PBXFileReference; lastKnownFileType = sourcecode.swift; path = TBDisplaySenderAboutView.swift; sourceTree = "<group>"; };
		37515A84B71F4B19C8EB65B4 /* TBInputBindingTests.swift */ = {isa = PBXFileReference; lastKnownFileType = sourcecode.swift; path = TBInputBindingTests.swift; sourceTree = "<group>"; };
		405452C4DA622D0B8887623E /* TBConnectionDiagnosticsTests.swift */ = {isa = PBXFileReference; lastKnownFileType = sourcecode.swift; path = TBConnectionDiagnosticsTests.swift; sourceTree = "<group>"; };
		4134F78ABD695DF9DB5D485B /* TBInjectedClickStateTracker.swift */ = {isa = PBXFileReference; lastKnownFileType = sourcecode.swift; path = TBInjectedClickStateTracker.swift; sourceTree = "<group>"; };
		4644CFB05098C895378B648A /* TBDisplaySenderManager.swift */ = {isa = PBXFileReference; lastKnownFileType = sourcecode.swift; path = TBDisplaySenderManager.swift; sourceTree = "<group>"; };
		4A72C42968FA2A6B2A0515B9 /* TBInputBinding.swift */ = {isa = PBXFileReference; lastKnownFileType = sourcecode.swift; path = TBInputBinding.swift; sourceTree = "<group>"; };
		4DAF6051728394A5B6C7D8E9 /* tb_dpcm.c */ = {isa = PBXFileReference; lastKnownFileType = sourcecode.c.c; path = tb_dpcm.c; sourceTree = "<group>"; };
		5EC071628394A5B6C7D8E9FA /* tb_dpcm.h */ = {isa = PBXFileReference; lastKnownFileType = sourcecode.c.h; path = tb_dpcm.h; sourceTree = "<group>"; };
		4C932E960346E674A0659624 /* TBLocalizationStore.swift */ = {isa = PBXFileReference; lastKnownFileType = sourcecode.swift; path = TBLocalizationStore.swift; sourceTree = "<group>"; };
		4E4C95A1820A99E5DAED17DE /* TBDisplayProfile.swift */ = {isa = PBXFileReference; lastKnownFileType = sourcecode.swift; path = TBDisplayProfile.swift; sourceTree = "<group>"; };
		59E4D00FB492A41B5218CD52 /* TBAddonManifest.swift */ = {isa = PBXFileReference; lastKnownFileType = sourcecode.swift; path = TBAddonManifest.swift; sourceTree = "<group>"; };
		6579B499CBC11196966318EA /* network-link.json */ = {isa = PBXFileReference; lastKnownFileType = text.json; path = "network-link.json"; sourceTree = "<group>"; };
		6630386DB9C3D210849E6211 /* TBVirtualDisplayModeMemory.swift */ = {isa = PBXFileReference; lastKnownFileType = sourcecode.swift; path = TBVirtualDisplayModeMemory.swift; sourceTree = "<group>"; };
		6AC1AF99431D4889F947CE1B /* TBDisplaySenderStatusItemController.swift */ = {isa = PBXFileReference; lastKnownFileType = sourcecode.swift; path = TBDisplaySenderStatusItemController.swift; sourceTree = "<group>"; };
		73EDC0FF3A4EA4DC1ED63528 /* fr.json */ = {isa = PBXFileReference; lastKnownFileType = text.json; path = fr.json; sourceTree = "<group>"; };
		7E3DC447E3E8E522565E725B /* TBInputRelayController.swift */ = {isa = PBXFileReference; lastKnownFileType = sourcecode.swift; path = TBInputRelayController.swift; sourceTree = "<group>"; };
		7FC1827394A5B6C7D8E9FA0B /* tb_dpcm_gpu.m */ = {isa = PBXFileReference; lastKnownFileType = sourcecode.c.objc; path = tb_dpcm_gpu.m; sourceTree = "<group>"; };
		80D29384A5B6C7D8E9FA0B1C /* tb_dpcm_gpu.h */ = {isa = PBXFileReference; lastKnownFileType = sourcecode.c.h; path = tb_dpcm_gpu.h; sourceTree = "<group>"; };
		80543A7A5A3B583C1543ABC7 /* TBInputDebugLog.swift */ = {isa = PBXFileReference; lastKnownFileType = sourcecode.swift; path = TBInputDebugLog.swift; sourceTree = "<group>"; };
		9CEA5EB707F01E1708DA9170 /* TBDisplaySenderAutomation.swift */ = {isa = PBXFileReference; lastKnownFileType = sourcecode.swift; path = TBDisplaySenderAutomation.swift; sourceTree = "<group>"; };
		9D063CAADA68CC48C54157FB /* TBDisplaySenderLocalization.swift */ = {isa = PBXFileReference; lastKnownFileType = sourcecode.swift; path = TBDisplaySenderLocalization.swift; sourceTree = "<group>"; };
		A3964153C9F34085F90C2C26 /* audio-relay.json */ = {isa = PBXFileReference; lastKnownFileType = text.json; path = "audio-relay.json"; sourceTree = "<group>"; };
		A3F0782C970AA23871AE73A6 /* TBConfigurationDiagnostics.swift */ = {isa = PBXFileReference; lastKnownFileType = sourcecode.swift; path = TBConfigurationDiagnostics.swift; sourceTree = "<group>"; };
		A51B69D318A85FF3061D6ED4 /* input-dockstation.json */ = {isa = PBXFileReference; lastKnownFileType = text.json; path = "input-dockstation.json"; sourceTree = "<group>"; };
		A7086193EE5710E2C37F86F1 /* TBConfigurationDiagnosticsTests.swift */ = {isa = PBXFileReference; lastKnownFileType = sourcecode.swift; path = TBConfigurationDiagnosticsTests.swift; sourceTree = "<group>"; };
		B95D015FB8DF172C7418CB5D /* TBDisplaySenderSettingsView.swift */ = {isa = PBXFileReference; lastKnownFileType = sourcecode.swift; path = TBDisplaySenderSettingsView.swift; sourceTree = "<group>"; };
		C242540F9DE94E1364F106F4 /* ReceiverBackedVirtualDisplaySession.swift */ = {isa = PBXFileReference; lastKnownFileType = sourcecode.swift; path = ReceiverBackedVirtualDisplaySession.swift; sourceTree = "<group>"; };
		C3658E86F5BE2168F4591491 /* de.json */ = {isa = PBXFileReference; lastKnownFileType = text.json; path = de.json; sourceTree = "<group>"; };
		C9583EB47BCD79FA719EEA77 /* TBMonitorProtocolTests.swift */ = {isa = PBXFileReference; lastKnownFileType = sourcecode.swift; path = TBMonitorProtocolTests.swift; sourceTree = "<group>"; };
		C9AA5BB4EE39D2C6FB37B90F /* zh.json */ = {isa = PBXFileReference; lastKnownFileType = text.json; path = zh.json; sourceTree = "<group>"; };
		CD235429FA67D231F565C93E /* TBDisplaySenderApp.swift */ = {isa = PBXFileReference; lastKnownFileType = sourcecode.swift; path = TBDisplaySenderApp.swift; sourceTree = "<group>"; };
		CEB4DF6C72B5C50C29AE6E45 /* TBDisplaySenderBuildInfo.swift */ = {isa = PBXFileReference; lastKnownFileType = sourcecode.swift; path = TBDisplaySenderBuildInfo.swift; sourceTree = "<group>"; };
		D386D0FCD0F93494220CC3DC /* en.json */ = {isa = PBXFileReference; lastKnownFileType = text.json; path = en.json; sourceTree = "<group>"; };
		D419C88EEEA66EE0829BA975 /* TBDisplayProfileTests.swift */ = {isa = PBXFileReference; lastKnownFileType = sourcecode.swift; path = TBDisplayProfileTests.swift; sourceTree = "<group>"; };
		DA01317B43B46B1B323A7008 /* TBMonitorProtocol.swift */ = {isa = PBXFileReference; lastKnownFileType = sourcecode.swift; path = TBMonitorProtocol.swift; sourceTree = "<group>"; };
		DD33D06A2FA6BA7E075A9E46 /* TBDisplaySenderSurfaceViews.swift */ = {isa = PBXFileReference; lastKnownFileType = sourcecode.swift; path = TBDisplaySenderSurfaceViews.swift; sourceTree = "<group>"; };
		DFB8219C144AA88D16BB4F59 /* TBDisplaySenderTests.xctest */ = {isa = PBXFileReference; explicitFileType = wrapper.cfbundle; includeInIndex = 0; path = TBDisplaySenderTests.xctest; sourceTree = BUILT_PRODUCTS_DIR; };
		ED08E3D2FCC8194F8B8185C9 /* TBSenderAutomationParsingTests.swift */ = {isa = PBXFileReference; lastKnownFileType = sourcecode.swift; path = TBSenderAutomationParsingTests.swift; sourceTree = "<group>"; };
		EF17070AC1C6F9E9F3B4DFDF /* TBInjectedClickStateTrackerTests.swift */ = {isa = PBXFileReference; lastKnownFileType = sourcecode.swift; path = TBInjectedClickStateTrackerTests.swift; sourceTree = "<group>"; };
		F08C140ECFEDAE11AD68D12B /* TBMenuMetrics.swift */ = {isa = PBXFileReference; lastKnownFileType = sourcecode.swift; path = TBMenuMetrics.swift; sourceTree = "<group>"; };
		FD6EB41D253E67E350F5E25D /* TBConnectionDiagnostics.swift */ = {isa = PBXFileReference; lastKnownFileType = sourcecode.swift; path = TBConnectionDiagnostics.swift; sourceTree = "<group>"; };
/* End PBXFileReference section */

/* Begin PBXGroup section */
		06A7B8965F81826A098F9D6F /* Addons */ = {
			isa = PBXGroup;
			children = (
				A3964153C9F34085F90C2C26 /* audio-relay.json */,
				A51B69D318A85FF3061D6ED4 /* input-dockstation.json */,
				6579B499CBC11196966318EA /* network-link.json */,
			);
			path = Addons;
			sourceTree = "<group>";
		};
		08A7C67DCAA583BD6D8B0603 /* TBDisplaySender */ = {
			isa = PBXGroup;
			children = (
				C242540F9DE94E1364F106F4 /* ReceiverBackedVirtualDisplaySession.swift */,
				2B8D4E3F5061728394A5B6C7 /* TBDPCMAsyncEncode.swift */,
				A3F0782C970AA23871AE73A6 /* TBConfigurationDiagnostics.swift */,
				4E4C95A1820A99E5DAED17DE /* TBDisplayProfile.swift */,
				374B5A5AA247C6922BD9AF72 /* TBDisplaySenderAboutView.swift */,
				CD235429FA67D231F565C93E /* TBDisplaySenderApp.swift */,
				9CEA5EB707F01E1708DA9170 /* TBDisplaySenderAutomation.swift */,
				CEB4DF6C72B5C50C29AE6E45 /* TBDisplaySenderBuildInfo.swift */,
				186812C77BFF98DBE0118100 /* TBDisplaySenderContentView.swift */,
				9D063CAADA68CC48C54157FB /* TBDisplaySenderLocalization.swift */,
				4644CFB05098C895378B648A /* TBDisplaySenderManager.swift */,
				0B483A658326FE85720BCBE2 /* TBDisplaySenderService.swift */,
				B95D015FB8DF172C7418CB5D /* TBDisplaySenderSettingsView.swift */,
				6AC1AF99431D4889F947CE1B /* TBDisplaySenderStatusItemController.swift */,
				DD33D06A2FA6BA7E075A9E46 /* TBDisplaySenderSurfaceViews.swift */,
				4134F78ABD695DF9DB5D485B /* TBInjectedClickStateTracker.swift */,
				4A72C42968FA2A6B2A0515B9 /* TBInputBinding.swift */,
				20FE01BF2EA2F329442890AD /* TBInputBindingsView.swift */,
				7E3DC447E3E8E522565E725B /* TBInputRelayController.swift */,
				F08C140ECFEDAE11AD68D12B /* TBMenuMetrics.swift */,
				040912357013932AE29CFD6A /* TBMenuToggleRowView.swift */,
				06BABA1447D1E8DD50A6C2F0 /* TBReceiverDiscovery.swift */,
				6630386DB9C3D210849E6211 /* TBVirtualDisplayModeMemory.swift */,
			);
			path = TBDisplaySender;
			sourceTree = "<group>";
		};
		578C8E4277884577DC1F2820 /* TBDisplaySenderTests */ = {
			isa = PBXGroup;
			children = (
				A7086193EE5710E2C37F86F1 /* TBConfigurationDiagnosticsTests.swift */,
				405452C4DA622D0B8887623E /* TBConnectionDiagnosticsTests.swift */,
				D419C88EEEA66EE0829BA975 /* TBDisplayProfileTests.swift */,
				EF17070AC1C6F9E9F3B4DFDF /* TBInjectedClickStateTrackerTests.swift */,
				37515A84B71F4B19C8EB65B4 /* TBInputBindingTests.swift */,
				C9583EB47BCD79FA719EEA77 /* TBMonitorProtocolTests.swift */,
				17D2B1A011B9446090DA60A7 /* TBReceiverDiscoveryModelTests.swift */,
				ED08E3D2FCC8194F8B8185C9 /* TBSenderAutomationParsingTests.swift */,
			);
			path = TBDisplaySenderTests;
			sourceTree = "<group>";
		};
		91E3A495B6C7D8E9FA0B1C2D /* codec */ = {
			isa = PBXGroup;
			children = (
				4DAF6051728394A5B6C7D8E9 /* tb_dpcm.c */,
				5EC071628394A5B6C7D8E9FA /* tb_dpcm.h */,
				7FC1827394A5B6C7D8E9FA0B /* tb_dpcm_gpu.m */,
				80D29384A5B6C7D8E9FA0B1C /* tb_dpcm_gpu.h */,
			);
			path = codec;
			sourceTree = "<group>";
		};
		67A9FD97DC6A4925CB987EB9 /* TBDisplayShared */ = {
			isa = PBXGroup;
			children = (
				59E4D00FB492A41B5218CD52 /* TBAddonManifest.swift */,
				06D011FF8AF7BB6D26EDC25B /* TBAddonStore.swift */,
				FD6EB41D253E67E350F5E25D /* TBConnectionDiagnostics.swift */,
				80543A7A5A3B583C1543ABC7 /* TBInputDebugLog.swift */,
				4C932E960346E674A0659624 /* TBLocalizationStore.swift */,
				DA01317B43B46B1B323A7008 /* TBMonitorProtocol.swift */,
			);
			path = TBDisplayShared;
			sourceTree = "<group>";
		};
		7703C219B31BE7C47F726BA2 /* Products */ = {
			isa = PBXGroup;
			children = (
				17FD38CAA4E2CF350CC210D2 /* TBDisplaySender.app */,
				DFB8219C144AA88D16BB4F59 /* TBDisplaySenderTests.xctest */,
			);
			name = Products;
			sourceTree = "<group>";
		};
		7E21EABAF9B2BFBC450B708E /* scripts */ = {
			isa = PBXGroup;
			children = (
				10E53D6EF9DCC519EEBFA5A2 /* check_localizations.sh */,
			);
			path = scripts;
			sourceTree = "<group>";
		};
		87C33F2A84553825E9CA67A4 = {
			isa = PBXGroup;
			children = (
				EC5C3CD2E8BF9290331E4183 /* TargetBridge-Shared */,
				B4FD562D7D8645AB2EE6621C /* TargetBridgeSupport */,
				08A7C67DCAA583BD6D8B0603 /* TBDisplaySender */,
				578C8E4277884577DC1F2820 /* TBDisplaySenderTests */,
				67A9FD97DC6A4925CB987EB9 /* TBDisplayShared */,
				7703C219B31BE7C47F726BA2 /* Products */,
			);
			sourceTree = "<group>";
		};
		B4FD562D7D8645AB2EE6621C /* TargetBridgeSupport */ = {
			isa = PBXGroup;
			children = (
				1819A55F8D993D9347F0E407 /* Assets.xcassets */,
			);
			path = TargetBridgeSupport;
			sourceTree = "<group>";
		};
		E2297DD5219176C3BC211922 /* Languages */ = {
			isa = PBXGroup;
			children = (
				C3658E86F5BE2168F4591491 /* de.json */,
				D386D0FCD0F93494220CC3DC /* en.json */,
				73EDC0FF3A4EA4DC1ED63528 /* fr.json */,
				036E14097FA59989FFC456FD /* it.json */,
				C9AA5BB4EE39D2C6FB37B90F /* zh.json */,
			);
			path = Languages;
			sourceTree = "<group>";
		};
		EC5C3CD2E8BF9290331E4183 /* TargetBridge-Shared */ = {
			isa = PBXGroup;
			children = (
				06A7B8965F81826A098F9D6F /* Addons */,
				91E3A495B6C7D8E9FA0B1C2D /* codec */,
				E2297DD5219176C3BC211922 /* Languages */,
				7E21EABAF9B2BFBC450B708E /* scripts */,
			);
			name = "TargetBridge-Shared";
			path = "../TargetBridge-Shared";
			sourceTree = "<group>";
		};
/* End PBXGroup section */

/* Begin PBXNativeTarget section */
		72E4A9704015C337033B3918 /* TBDisplaySenderTests */ = {
			isa = PBXNativeTarget;
			buildConfigurationList = 6B3F38F57A583A1C40A78FAC /* Build configuration list for PBXNativeTarget "TBDisplaySenderTests" */;
			buildPhases = (
				41C3FAAB0014D20C2CB2D35D /* Sources */,
			);
			buildRules = (
			);
			dependencies = (
				750E39CE5F2E49E0F2974C21 /* PBXTargetDependency */,
			);
			name = TBDisplaySenderTests;
			packageProductDependencies = (
			);
			productName = TBDisplaySenderTests;
			productReference = DFB8219C144AA88D16BB4F59 /* TBDisplaySenderTests.xctest */;
			productType = "com.apple.product-type.bundle.unit-test";
		};
		F472012D8B21AAC5A144C3A6 /* TBDisplaySender */ = {
			isa = PBXNativeTarget;
			buildConfigurationList = 2BBAEA859D7D9F128EE14417 /* Build configuration list for PBXNativeTarget "TBDisplaySender" */;
			buildPhases = (
				5A5AEAA1457A961B01CAF2C8 /* Sources */,
				8731A5BCBB5DE8B4C7200D84 /* Resources */,
			);
			buildRules = (
			);
			dependencies = (
			);
			name = TBDisplaySender;
			packageProductDependencies = (
			);
			productName = TBDisplaySender;
			productReference = 17FD38CAA4E2CF350CC210D2 /* TBDisplaySender.app */;
			productType = "com.apple.product-type.application";
		};
/* End PBXNativeTarget section */

/* Begin PBXProject section */
		378AC1A4A812118F1A10D05E /* Project object */ = {
			isa = PBXProject;
			attributes = {
				BuildIndependentTargetsInParallel = YES;
				LastUpgradeCheck = 1430;
				TargetAttributes = {
				};
			};
			buildConfigurationList = 2DE9D7DD5AC87BAB17FB4948 /* Build configuration list for PBXProject "TargetBridge" */;
			developmentRegion = en;
			hasScannedForEncodings = 0;
			knownRegions = (
				Base,
				en,
			);
			mainGroup = 87C33F2A84553825E9CA67A4;
			minimizedProjectReferenceProxies = 1;
			preferredProjectObjectVersion = 77;
			productRefGroup = 7703C219B31BE7C47F726BA2 /* Products */;
			projectDirPath = "";
			projectRoot = "";
			targets = (
				F472012D8B21AAC5A144C3A6 /* TBDisplaySender */,
				72E4A9704015C337033B3918 /* TBDisplaySenderTests */,
			);
		};
/* End PBXProject section */

/* Begin PBXResourcesBuildPhase section */
		8731A5BCBB5DE8B4C7200D84 /* Resources */ = {
			isa = PBXResourcesBuildPhase;
			buildActionMask = 2147483647;
			files = (
				198725EB3B2C7662DBB0B8D0 /* Assets.xcassets in Resources */,
				0D17E4E85D8E9CDAB8707EB6 /* audio-relay.json in Resources */,
				BF146F68BB365CFE5AA9A1BD /* check_localizations.sh in Resources */,
				7F1AE9053DA59169FB761FAA /* de.json in Resources */,
				96DDF119DE60DFBA437D32D2 /* en.json in Resources */,
				9B07E096AE81E351B6D1E17C /* fr.json in Resources */,
				233BAEE5ABED3F316F9D3D12 /* input-dockstation.json in Resources */,
				7FB34AA1E75B01E7D1EC3E21 /* it.json in Resources */,
				C1A77120267A12D9E355DCEA /* network-link.json in Resources */,
				E6A3663426721C75734F5BC5 /* zh.json in Resources */,
			);
			runOnlyForDeploymentPostprocessing = 0;
		};
/* End PBXResourcesBuildPhase section */

/* Begin PBXSourcesBuildPhase section */
		41C3FAAB0014D20C2CB2D35D /* Sources */ = {
			isa = PBXSourcesBuildPhase;
			buildActionMask = 2147483647;
			files = (
				7528751850893B52660870E4 /* TBConfigurationDiagnosticsTests.swift in Sources */,
				7F103818097EEBD191C5ADBF /* TBConnectionDiagnosticsTests.swift in Sources */,
				5109DFCF1BFD76222E7B4BDD /* TBDisplayProfileTests.swift in Sources */,
				0E118FC7EFBBF44A70799B03 /* TBInjectedClickStateTrackerTests.swift in Sources */,
				15D142162EDD10261447EC43 /* TBInputBindingTests.swift in Sources */,
				2C4E1C76CA81F640C700F6BF /* TBMonitorProtocolTests.swift in Sources */,
				69C27FB23C2EF4078DD3D2F5 /* TBReceiverDiscoveryModelTests.swift in Sources */,
				4A8719A8C13A6560F4F0EB0D /* TBSenderAutomationParsingTests.swift in Sources */,
			);
			runOnlyForDeploymentPostprocessing = 0;
		};
		5A5AEAA1457A961B01CAF2C8 /* Sources */ = {
			isa = PBXSourcesBuildPhase;
			buildActionMask = 2147483647;
			files = (
				337BD561622AA19F43D3B95B /* ReceiverBackedVirtualDisplaySession.swift in Sources */,
				1A7C3D2E4F5061728394A5B6 /* TBDPCMAsyncEncode.swift in Sources */,
				3C9E5F4061728394A5B6C7D8 /* tb_dpcm.c in Sources */,
				6EB071628394A5B6C7D8E9FA /* tb_dpcm_gpu.m in Sources */,
				4B770D1232C53EF66F011F7F /* TBAddonManifest.swift in Sources */,
				E81B28F81AE82FF904E0871F /* TBAddonStore.swift in Sources */,
				2819CE06D15CA7EDD1069062 /* TBConfigurationDiagnostics.swift in Sources */,
				55163F49604063EA7E86D079 /* TBConnectionDiagnostics.swift in Sources */,
				D81394631056BA19B9032116 /* TBDisplayProfile.swift in Sources */,
				E4967472D5CB13242FE2F288 /* TBDisplaySenderAboutView.swift in Sources */,
				B9FA5989F04108E9FBFA8D3B /* TBDisplaySenderApp.swift in Sources */,
				8D9D2A40A1CD90BD4D4DFC2C /* TBDisplaySenderAutomation.swift in Sources */,
				4290B6572B8CA96E01C56425 /* TBDisplaySenderBuildInfo.swift in Sources */,
				5C0CB53005B6D67362F14719 /* TBDisplaySenderContentView.swift in Sources */,
				BBFD76A352FEDC54029B2158 /* TBDisplaySenderLocalization.swift in Sources */,
				F2274C924BAC479635B44A47 /* TBDisplaySenderManager.swift in Sources */,
				6A54029FE56DEECA996A07B4 /* TBDisplaySenderService.swift in Sources */,
				A3FD74604472363535D63273 /* TBDisplaySenderSettingsView.swift in Sources */,
				E9F7A263085592067562F768 /* TBDisplaySenderStatusItemController.swift in Sources */,
				BB4D986A5A0F32BC1480BD4D /* TBDisplaySenderSurfaceViews.swift in Sources */,
				4C59B780CEA3CC5F563BC86F /* TBInjectedClickStateTracker.swift in Sources */,
				5A8811B2F7DB1830CBA7B538 /* TBInputBinding.swift in Sources */,
				8D544352D7E2E226D551E46E /* TBInputBindingsView.swift in Sources */,
				D5E6B5B7B49E740C92010C6F /* TBInputDebugLog.swift in Sources */,
				CBA7C2F0FA57CC475E2307AF /* TBInputRelayController.swift in Sources */,
				8A729C68ECAC4642FA20A284 /* TBLocalizationStore.swift in Sources */,
				6DB5F29F60382A0CA97568F3 /* TBMenuMetrics.swift in Sources */,
				762884127C8093D3E9797790 /* TBMenuToggleRowView.swift in Sources */,
				C2CCAB017BC3CAB1DCFA5CCC /* TBMonitorProtocol.swift in Sources */,
				06E4F7B33C77762A5E2CB616 /* TBReceiverDiscovery.swift in Sources */,
				58980FE95A48D8F8EDB42055 /* TBVirtualDisplayModeMemory.swift in Sources */,
			);
			runOnlyForDeploymentPostprocessing = 0;
		};
/* End PBXSourcesBuildPhase section */

/* Begin PBXTargetDependency section */
		750E39CE5F2E49E0F2974C21 /* PBXTargetDependency */ = {
			isa = PBXTargetDependency;
			target = F472012D8B21AAC5A144C3A6 /* TBDisplaySender */;
			targetProxy = F78BF9D660B681542156B1E4 /* PBXContainerItemProxy */;
		};
/* End PBXTargetDependency section */

/* Begin XCBuildConfiguration section */
		3324300638A25CFE4B431234 /* Debug */ = {
			isa = XCBuildConfiguration;
			buildSettings = {
				ASSETCATALOG_COMPILER_APPICON_NAME = AppIcon;
				COMBINE_HIDPI_IMAGES = YES;
				CURRENT_PROJECT_VERSION = 1;
				ENABLE_HARDENED_RUNTIME = NO;
				GENERATE_INFOPLIST_FILE = YES;
				INFOPLIST_FILE = TargetBridgeSupport/Info.plist;
				LD_RUNPATH_SEARCH_PATHS = (
					"$(inherited)",
					"@executable_path/../Frameworks",
				);
				MACOSX_DEPLOYMENT_TARGET = 14.0;
				MARKETING_VERSION = 3.5.1;
				PRODUCT_BUNDLE_IDENTIFIER = com.targetbridge.sender;
				PRODUCT_NAME = TargetBridge;
				SDKROOT = macosx;
				SWIFT_OBJC_BRIDGING_HEADER = "TargetBridgeSupport/TargetBridge-Bridging-Header.h";
				SWIFT_STRICT_CONCURRENCY = minimal;
				SWIFT_VERSION = 6.0;
			};
			name = Debug;
		};
		3A051A1998E8E1671CE0E012 /* Release */ = {
			isa = XCBuildConfiguration;
			buildSettings = {
				ASSETCATALOG_COMPILER_APPICON_NAME = AppIcon;
				COMBINE_HIDPI_IMAGES = YES;
				CURRENT_PROJECT_VERSION = 1;
				ENABLE_HARDENED_RUNTIME = NO;
				GENERATE_INFOPLIST_FILE = YES;
				INFOPLIST_FILE = TargetBridgeSupport/Info.plist;
				LD_RUNPATH_SEARCH_PATHS = (
					"$(inherited)",
					"@executable_path/../Frameworks",
				);
				MACOSX_DEPLOYMENT_TARGET = 14.0;
				MARKETING_VERSION = 3.5.1;
				PRODUCT_BUNDLE_IDENTIFIER = com.targetbridge.sender;
				PRODUCT_NAME = TargetBridge;
				SDKROOT = macosx;
				SWIFT_OBJC_BRIDGING_HEADER = "TargetBridgeSupport/TargetBridge-Bridging-Header.h";
				SWIFT_STRICT_CONCURRENCY = minimal;
				SWIFT_VERSION = 6.0;
			};
			name = Release;
		};
		76944D69134383E0672FE470 /* Debug */ = {
			isa = XCBuildConfiguration;
			buildSettings = {
				BUNDLE_LOADER = "$(TEST_HOST)";
				COMBINE_HIDPI_IMAGES = YES;
				GENERATE_INFOPLIST_FILE = YES;
				LD_RUNPATH_SEARCH_PATHS = (
					"$(inherited)",
					"@executable_path/../Frameworks",
					"@loader_path/../Frameworks",
				);
				MACOSX_DEPLOYMENT_TARGET = 14.0;
				PRODUCT_BUNDLE_IDENTIFIER = com.targetbridge.sender.tests;
				SDKROOT = macosx;
				SWIFT_STRICT_CONCURRENCY = minimal;
				SWIFT_VERSION = 6.0;
				TEST_HOST = "$(BUILT_PRODUCTS_DIR)/TargetBridge.app/Contents/MacOS/TargetBridge";
			};
			name = Debug;
		};
		9AC2A7DAA262FB9F7282A255 /* Release */ = {
			isa = XCBuildConfiguration;
			buildSettings = {
				ALWAYS_SEARCH_USER_PATHS = NO;
				CLANG_ANALYZER_NONNULL = YES;
				CLANG_ANALYZER_NUMBER_OBJECT_CONVERSION = YES_AGGRESSIVE;
				CLANG_CXX_LANGUAGE_STANDARD = "gnu++14";
				CLANG_CXX_LIBRARY = "libc++";
				CLANG_ENABLE_MODULES = YES;
				CLANG_ENABLE_OBJC_ARC = YES;
				CLANG_ENABLE_OBJC_WEAK = YES;
				CLANG_WARN_BLOCK_CAPTURE_AUTORELEASING = YES;
				CLANG_WARN_BOOL_CONVERSION = YES;
				CLANG_WARN_COMMA = YES;
				CLANG_WARN_CONSTANT_CONVERSION = YES;
				CLANG_WARN_DEPRECATED_OBJC_IMPLEMENTATIONS = YES;
				CLANG_WARN_DIRECT_OBJC_ISA_USAGE = YES_ERROR;
				CLANG_WARN_DOCUMENTATION_COMMENTS = YES;
				CLANG_WARN_EMPTY_BODY = YES;
				CLANG_WARN_ENUM_CONVERSION = YES;
				CLANG_WARN_INFINITE_RECURSION = YES;
				CLANG_WARN_INT_CONVERSION = YES;
				CLANG_WARN_NON_LITERAL_NULL_CONVERSION = YES;
				CLANG_WARN_OBJC_IMPLICIT_RETAIN_SELF = YES;
				CLANG_WARN_OBJC_LITERAL_CONVERSION = YES;
				CLANG_WARN_OBJC_ROOT_CLASS = YES_ERROR;
				CLANG_WARN_QUOTED_INCLUDE_IN_FRAMEWORK_HEADER = YES;
				CLANG_WARN_RANGE_LOOP_ANALYSIS = YES;
				CLANG_WARN_STRICT_PROTOTYPES = YES;
				CLANG_WARN_SUSPICIOUS_MOVE = YES;
				CLANG_WARN_UNGUARDED_AVAILABILITY = YES_AGGRESSIVE;
				CLANG_WARN_UNREACHABLE_CODE = YES;
				CLANG_WARN__DUPLICATE_METHOD_MATCH = YES;
				COPY_PHASE_STRIP = NO;
				DEBUG_INFORMATION_FORMAT = "dwarf-with-dsym";
				ENABLE_NS_ASSERTIONS = NO;
				ENABLE_STRICT_OBJC_MSGSEND = YES;
				GCC_C_LANGUAGE_STANDARD = gnu11;
				GCC_NO_COMMON_BLOCKS = YES;
				GCC_WARN_64_TO_32_BIT_CONVERSION = YES;
				GCC_WARN_ABOUT_RETURN_TYPE = YES_ERROR;
				GCC_WARN_UNDECLARED_SELECTOR = YES;
				GCC_WARN_UNINITIALIZED_AUTOS = YES_AGGRESSIVE;
				GCC_WARN_UNUSED_FUNCTION = YES;
				GCC_WARN_UNUSED_VARIABLE = YES;
				MACOSX_DEPLOYMENT_TARGET = 14.0;
				MTL_ENABLE_DEBUG_INFO = NO;
				MTL_FAST_MATH = YES;
				PRODUCT_NAME = "$(TARGET_NAME)";
				SDKROOT = macosx;
				SWIFT_COMPILATION_MODE = wholemodule;
				SWIFT_OPTIMIZATION_LEVEL = "-O";
				SWIFT_VERSION = 5.0;
			};
			name = Release;
		};
		B1C4017F7EDFDAB39E9A8A34 /* Release */ = {
			isa = XCBuildConfiguration;
			buildSettings = {
				BUNDLE_LOADER = "$(TEST_HOST)";
				COMBINE_HIDPI_IMAGES = YES;
				GENERATE_INFOPLIST_FILE = YES;
				LD_RUNPATH_SEARCH_PATHS = (
					"$(inherited)",
					"@executable_path/../Frameworks",
					"@loader_path/../Frameworks",
				);
				MACOSX_DEPLOYMENT_TARGET = 14.0;
				PRODUCT_BUNDLE_IDENTIFIER = com.targetbridge.sender.tests;
				SDKROOT = macosx;
				SWIFT_STRICT_CONCURRENCY = minimal;
				SWIFT_VERSION = 6.0;
				TEST_HOST = "$(BUILT_PRODUCTS_DIR)/TargetBridge.app/Contents/MacOS/TargetBridge";
			};
			name = Release;
		};
		B8A682D4A10103F0490BB3C4 /* Debug */ = {
			isa = XCBuildConfiguration;
			buildSettings = {
				ALWAYS_SEARCH_USER_PATHS = NO;
				CLANG_ANALYZER_NONNULL = YES;
				CLANG_ANALYZER_NUMBER_OBJECT_CONVERSION = YES_AGGRESSIVE;
				CLANG_CXX_LANGUAGE_STANDARD = "gnu++14";
				CLANG_CXX_LIBRARY = "libc++";
				CLANG_ENABLE_MODULES = YES;
				CLANG_ENABLE_OBJC_ARC = YES;
				CLANG_ENABLE_OBJC_WEAK = YES;
				CLANG_WARN_BLOCK_CAPTURE_AUTORELEASING = YES;
				CLANG_WARN_BOOL_CONVERSION = YES;
				CLANG_WARN_COMMA = YES;
				CLANG_WARN_CONSTANT_CONVERSION = YES;
				CLANG_WARN_DEPRECATED_OBJC_IMPLEMENTATIONS = YES;
				CLANG_WARN_DIRECT_OBJC_ISA_USAGE = YES_ERROR;
				CLANG_WARN_DOCUMENTATION_COMMENTS = YES;
				CLANG_WARN_EMPTY_BODY = YES;
				CLANG_WARN_ENUM_CONVERSION = YES;
				CLANG_WARN_INFINITE_RECURSION = YES;
				CLANG_WARN_INT_CONVERSION = YES;
				CLANG_WARN_NON_LITERAL_NULL_CONVERSION = YES;
				CLANG_WARN_OBJC_IMPLICIT_RETAIN_SELF = YES;
				CLANG_WARN_OBJC_LITERAL_CONVERSION = YES;
				CLANG_WARN_OBJC_ROOT_CLASS = YES_ERROR;
				CLANG_WARN_QUOTED_INCLUDE_IN_FRAMEWORK_HEADER = YES;
				CLANG_WARN_RANGE_LOOP_ANALYSIS = YES;
				CLANG_WARN_STRICT_PROTOTYPES = YES;
				CLANG_WARN_SUSPICIOUS_MOVE = YES;
				CLANG_WARN_UNGUARDED_AVAILABILITY = YES_AGGRESSIVE;
				CLANG_WARN_UNREACHABLE_CODE = YES;
				CLANG_WARN__DUPLICATE_METHOD_MATCH = YES;
				COPY_PHASE_STRIP = NO;
				DEBUG_INFORMATION_FORMAT = dwarf;
				ENABLE_STRICT_OBJC_MSGSEND = YES;
				ENABLE_TESTABILITY = YES;
				GCC_C_LANGUAGE_STANDARD = gnu11;
				GCC_DYNAMIC_NO_PIC = NO;
				GCC_NO_COMMON_BLOCKS = YES;
				GCC_OPTIMIZATION_LEVEL = 0;
				GCC_PREPROCESSOR_DEFINITIONS = (
					"$(inherited)",
					"DEBUG=1",
				);
				GCC_WARN_64_TO_32_BIT_CONVERSION = YES;
				GCC_WARN_ABOUT_RETURN_TYPE = YES_ERROR;
				GCC_WARN_UNDECLARED_SELECTOR = YES;
				GCC_WARN_UNINITIALIZED_AUTOS = YES_AGGRESSIVE;
				GCC_WARN_UNUSED_FUNCTION = YES;
				GCC_WARN_UNUSED_VARIABLE = YES;
				MACOSX_DEPLOYMENT_TARGET = 14.0;
				MTL_ENABLE_DEBUG_INFO = INCLUDE_SOURCE;
				MTL_FAST_MATH = YES;
				ONLY_ACTIVE_ARCH = YES;
				PRODUCT_NAME = "$(TARGET_NAME)";
				SDKROOT = macosx;
				SWIFT_ACTIVE_COMPILATION_CONDITIONS = DEBUG;
				SWIFT_OPTIMIZATION_LEVEL = "-Onone";
				SWIFT_VERSION = 5.0;
			};
			name = Debug;
		};
/* End XCBuildConfiguration section */

/* Begin XCConfigurationList section */
		2BBAEA859D7D9F128EE14417 /* Build configuration list for PBXNativeTarget "TBDisplaySender" */ = {
			isa = XCConfigurationList;
			buildConfigurations = (
				3324300638A25CFE4B431234 /* Debug */,
				3A051A1998E8E1671CE0E012 /* Release */,
			);
			defaultConfigurationIsVisible = 0;
			defaultConfigurationName = Debug;
		};
		2DE9D7DD5AC87BAB17FB4948 /* Build configuration list for PBXProject "TargetBridge" */ = {
			isa = XCConfigurationList;
			buildConfigurations = (
				B8A682D4A10103F0490BB3C4 /* Debug */,
				9AC2A7DAA262FB9F7282A255 /* Release */,
			);
			defaultConfigurationIsVisible = 0;
			defaultConfigurationName = Debug;
		};
		6B3F38F57A583A1C40A78FAC /* Build configuration list for PBXNativeTarget "TBDisplaySenderTests" */ = {
			isa = XCConfigurationList;
			buildConfigurations = (
				76944D69134383E0672FE470 /* Debug */,
				B1C4017F7EDFDAB39E9A8A34 /* Release */,
			);
			defaultConfigurationIsVisible = 0;
			defaultConfigurationName = Debug;
		};
/* End XCConfigurationList section */
	};
	rootObject = 378AC1A4A812118F1A10D05E /* Project object */;
}
